// !$*UTF8*$!
{
	archiveVersion = 1;
	classes = {
	};
	objectVersion = 50;
	objects = {

/* Begin PBXBuildFile section */
		C545ED8223D3488600955940 /* AppDelegate.swift in Sources */ = {isa = PBXBuildFile; fileRef = C545ED8123D3488600955940 /* AppDelegate.swift */; };
		C545ED8423D3488600955940 /* SceneDelegate.swift in Sources */ = {isa = PBXBuildFile; fileRef = C545ED8323D3488600955940 /* SceneDelegate.swift */; };
		C545ED8623D3488600955940 /* TodoListViewController.swift in Sources */ = {isa = PBXBuildFile; fileRef = C545ED8523D3488600955940 /* TodoListViewController.swift */; };
		C545ED8923D3488600955940 /* Main.storyboard in Resources */ = {isa = PBXBuildFile; fileRef = C545ED8723D3488600955940 /* Main.storyboard */; };
		C545ED8B23D3488700955940 /* Assets.xcassets in Resources */ = {isa = PBXBuildFile; fileRef = C545ED8A23D3488700955940 /* Assets.xcassets */; };
		C545ED8E23D3488700955940 /* LaunchScreen.storyboard in Resources */ = {isa = PBXBuildFile; fileRef = C545ED8C23D3488700955940 /* LaunchScreen.storyboard */; };
		C5F8C4AB23D58B87009A724D /* Item.swift in Sources */ = {isa = PBXBuildFile; fileRef = C5F8C4AA23D58B87009A724D /* Item.swift */; };
/* End PBXBuildFile section */

/* Begin PBXFileReference section */
		C545ED7E23D3488600955940 /* TodoApp.app */ = {isa = PBXFileReference; explicitFileType = wrapper.application; includeInIndex = 0; path = TodoApp.app; sourceTree = BUILT_PRODUCTS_DIR; };
		C545ED8123D3488600955940 /* AppDelegate.swift */ = {isa = PBXFileReference; lastKnownFileType = sourcecode.swift; path = AppDelegate.swift; sourceTree = "<group>"; };
		C545ED8323D3488600955940 /* SceneDelegate.swift */ = {isa = PBXFileReference; lastKnownFileType = sourcecode.swift; path = SceneDelegate.swift; sourceTree = "<group>"; };
		C545ED8523D3488600955940 /* TodoListViewController.swift */ = {isa = PBXFileReference; lastKnownFileType = sourcecode.swift; path = TodoListViewController.swift; sourceTree = "<group>"; };
		C545ED8823D3488600955940 /* Base */ = {isa = PBXFileReference; lastKnownFileType = file.storyboard; name = Base; path = Base.lproj/Main.storyboard; sourceTree = "<group>"; };
		C545ED8A23D3488700955940 /* Assets.xcassets */ = {isa = PBXFileReference; lastKnownFileType = folder.assetcatalog; path = Assets.xcassets; sourceTree = "<group>"; };
		C545ED8D23D3488700955940 /* Base */ = {isa = PBXFileReference; lastKnownFileType = file.storyboard; name = Base; path = Base.lproj/LaunchScreen.storyboard; sourceTree = "<group>"; };
		C545ED8F23D3488700955940 /* Info.plist */ = {isa = PBXFileReference; lastKnownFileType = text.plist.xml; path = Info.plist; sourceTree = "<group>"; };
		C5F8C4AA23D58B87009A724D /* Item.swift */ = {isa = PBXFileReference; lastKnownFileType = sourcecode.swift; path = Item.swift; sourceTree = "<group>"; };
/* End PBXFileReference section */

/* Begin PBXFrameworksBuildPhase section */
		C545ED7B23D3488600955940 /* Frameworks */ = {
			isa = PBXFrameworksBuildPhase;
			buildActionMask = 2147483647;
			files = (
			);
			runOnlyForDeploymentPostprocessing = 0;
		};
/* End PBXFrameworksBuildPhase section */

/* Begin PBXGroup section */
		C545ED7523D3488600955940 = {
			isa = PBXGroup;
			children = (
				C545ED8023D3488600955940 /* TodoApp */,
				C545ED7F23D3488600955940 /* Products */,
			);
			sourceTree = "<group>";
		};
		C545ED7F23D3488600955940 /* Products */ = {
			isa = PBXGroup;
			children = (
				C545ED7E23D3488600955940 /* TodoApp.app */,
			);
			name = Products;
			sourceTree = "<group>";
		};
		C545ED8023D3488600955940 /* TodoApp */ = {
			isa = PBXGroup;
			children = (
				C5F8C4AC23D58BA7009A724D /* Data Model */,
				C545ED8123D3488600955940 /* AppDelegate.swift */,
				C545ED8323D3488600955940 /* SceneDelegate.swift */,
				C5F8C4AD23D58BB3009A724D /* Controllers */,
				C5F8C4AE23D58BC3009A724D /* Views */,
				C5F8C4AF23D58BD3009A724D /* Supporting Files */,
				C545ED8F23D3488700955940 /* Info.plist */,
			);
			path = TodoApp;
			sourceTree = "<group>";
		};
		C5F8C4AC23D58BA7009A724D /* Data Model */ = {
			isa = PBXGroup;
			children = (
				C5F8C4AA23D58B87009A724D /* Item.swift */,
			);
			path = "Data Model";
			sourceTree = "<group>";
		};
		C5F8C4AD23D58BB3009A724D /* Controllers */ = {
			isa = PBXGroup;
			children = (
				C545ED8523D3488600955940 /* TodoListViewController.swift */,
			);
			path = Controllers;
			sourceTree = "<group>";
		};
		C5F8C4AE23D58BC3009A724D /* Views */ = {
			isa = PBXGroup;
			children = (
				C545ED8723D3488600955940 /* Main.storyboard */,
			);
			path = Views;
			sourceTree = "<group>";
		};
		C5F8C4AF23D58BD3009A724D /* Supporting Files */ = {
			isa = PBXGroup;
			children = (
				C545ED8A23D3488700955940 /* Assets.xcassets */,
				C545ED8C23D3488700955940 /* LaunchScreen.storyboard */,
			);
			path = "Supporting Files";
			sourceTree = "<group>";
		};
/* End PBXGroup section */

/* Begin PBXNativeTarget section */
		C545ED7D23D3488600955940 /* TodoApp */ = {
			isa = PBXNativeTarget;
			buildConfigurationList = C545ED9223D3488700955940 /* Build configuration list for PBXNativeTarget "TodoApp" */;
			buildPhases = (
				C545ED7A23D3488600955940 /* Sources */,
				C545ED7B23D3488600955940 /* Frameworks */,
				C545ED7C23D3488600955940 /* Resources */,
			);
			buildRules = (
			);
			dependencies = (
			);
			name = TodoApp;
			productName = TodoApp;
			productReference = C545ED7E23D3488600955940 /* TodoApp.app */;
			productType = "com.apple.product-type.application";
		};
/* End PBXNativeTarget section */

/* Begin PBXProject section */
		C545ED7623D3488600955940 /* Project object */ = {
			isa = PBXProject;
			attributes = {
				LastSwiftUpdateCheck = 1130;
				LastUpgradeCheck = 1130;
				ORGANIZATIONNAME = iDevelopStudio;
				TargetAttributes = {
					C545ED7D23D3488600955940 = {
						CreatedOnToolsVersion = 11.3;
					};
				};
			};
			buildConfigurationList = C545ED7923D3488600955940 /* Build configuration list for PBXProject "TodoApp" */;
			compatibilityVersion = "Xcode 9.3";
			developmentRegion = en;
			hasScannedForEncodings = 0;
			knownRegions = (
				en,
				Base,
			);
			mainGroup = C545ED7523D3488600955940;
			productRefGroup = C545ED7F23D3488600955940 /* Products */;
			projectDirPath = "";
			projectRoot = "";
			targets = (
				C545ED7D23D3488600955940 /* TodoApp */,
			);
		};
/* End PBXProject section */

/* Begin PBXResourcesBuildPhase section */
		C545ED7C23D3488600955940 /* Resources */ = {
			isa = PBXResourcesBuildPhase;
			buildActionMask = 2147483647;
			files = (
				C545ED8E23D3488700955940 /* LaunchScreen.storyboard in Resources */,
				C545ED8B23D3488700955940 /* Assets.xcassets in Resources */,
				C545ED8923D3488600955940 /* Main.storyboard in Resources */,
			);
			runOnlyForDeploymentPostprocessing = 0;
		};
/* End PBXResourcesBuildPhase section */

/* Begin PBXSourcesBuildPhase section */
		C545ED7A23D3488600955940 /* Sources */ = {
			isa = PBXSourcesBuildPhase;
			buildActionMask = 2147483647;
			files = (
				C5F8C4AB23D58B87009A724D /* Item.swift in Sources */,
				C545ED8623D3488600955940 /* TodoListViewController.swift in Sources */,
				C545ED8223D3488600955940 /* AppDelegate.swift in Sources */,
				C545ED8423D3488600955940 /* SceneDelegate.swift in Sources */,
			);
			runOnlyForDeploymentPostprocessing = 0;
		};
/* End PBXSourcesBuildPhase section */

/* Begin PBXVariantGroup section */
		C545ED8723D3488600955940 /* Main.storyboard */ = {
			isa = PBXVariantGroup;
			children = (
				C545ED8823D3488600955940 /* Base */,
			);
			name = Main.storyboard;
			sourceTree = "<group>";
		};
		C545ED8C23D3488700955940 /* LaunchScreen.storyboard */ = {
			isa = PBXVariantGroup;
			children = (
				C545ED8D23D3488700955940 /* Base */,
			);
			name = LaunchScreen.storyboard;
			sourceTree = "<group>";
		};
/* End PBXVariantGroup section */

/* Begin XCBuildConfiguration section */
		C545ED9023D3488700955940 /* Debug */ = {
			isa = XCBuildConfiguration;
			buildSettings = {
				ALWAYS_SEARCH_USER_PATHS = NO;
				CLANG_ANALYZER_NONNULL = YES;
				CLANG_ANALYZER_NUMBER_OBJECT_CONVERSION = YES_AGGRESSIVE;
				CLANG_CXX_LANGUAGE_STANDARD = "gnu++14";
				CLANG_CXX_LIBRARY = "libc++";
				CLANG_ENABLE_MODULES = YES;
				CLANG_ENABLE_OBJC_ARC = YES;
				CLANG_ENABLE_OBJC_WEAK = YES;
				CLANG_WARN_BLOCK_CAPTURE_AUTORELEASING = YES;
				CLANG_WARN_BOOL_CONVERSION = YES;
				CLANG_WARN_COMMA = YES;
				CLANG_WARN_CONSTANT_CONVERSION = YES;
				CLANG_WARN_DEPRECATED_OBJC_IMPLEMENTATIONS = YES;
				CLANG_WARN_DIRECT_OBJC_ISA_USAGE = YES_ERROR;
				CLANG_WARN_DOCUMENTATION_COMMENTS = YES;
				CLANG_WARN_EMPTY_BODY = YES;
				CLANG_WARN_ENUM_CONVERSION = YES;
				CLANG_WARN_INFINITE_RECURSION = YES;
				CLANG_WARN_INT_CONVERSION = YES;
				CLANG_WARN_NON_LITERAL_NULL_CONVERSION = YES;
				CLANG_WARN_OBJC_IMPLICIT_RETAIN_SELF = YES;
				CLANG_WARN_OBJC_LITERAL_CONVERSION = YES;
				CLANG_WARN_OBJC_ROOT_CLASS = YES_ERROR;
				CLANG_WARN_RANGE_LOOP_ANALYSIS = YES;
				CLANG_WARN_STRICT_PROTOTYPES = YES;
				CLANG_WARN_SUSPICIOUS_MOVE = YES;
				CLANG_WARN_UNGUARDED_AVAILABILITY = YES_AGGRESSIVE;
				CLANG_WARN_UNREACHABLE_CODE = YES;
				CLANG_WARN__DUPLICATE_METHOD_MATCH = YES;
				COPY_PHASE_STRIP = NO;
				DEBUG_INFORMATION_FORMAT = dwarf;
				ENABLE_STRICT_OBJC_MSGSEND = YES;
				ENABLE_TESTABILITY = YES;
				GCC_C_LANGUAGE_STANDARD = gnu11;
				GCC_DYNAMIC_NO_PIC = NO;
				GCC_NO_COMMON_BLOCKS = YES;
				GCC_OPTIMIZATION_LEVEL = 0;
				GCC_PREPROCESSOR_DEFINITIONS = (
					"DEBUG=1",
					"$(inherited)",
				);
				GCC_WARN_64_TO_32_BIT_CONVERSION = YES;
				GCC_WARN_ABOUT_RETURN_TYPE = YES_ERROR;
				GCC_WARN_UNDECLARED_SELECTOR = YES;
				GCC_WARN_UNINITIALIZED_AUTOS = YES_AGGRESSIVE;
				GCC_WARN_UNUSED_FUNCTION = YES;
				GCC_WARN_UNUSED_VARIABLE = YES;
				IPHONEOS_DEPLOYMENT_TARGET = 13.2;
				MTL_ENABLE_DEBUG_INFO = INCLUDE_SOURCE;
				MTL_FAST_MATH = YES;
				ONLY_ACTIVE_ARCH = YES;
				SDKROOT = iphoneos;
				SWIFT_ACTIVE_COMPILATION_CONDITIONS = DEBUG;
				SWIFT_OPTIMIZATION_LEVEL = "-Onone";
			};
			name = Debug;
		};
		C545ED9123D3488700955940 /* Release */ = {
			isa = XCBuildConfiguration;
			buildSettings = {
				ALWAYS_SEARCH_USER_PATHS = NO;
				CLANG_ANALYZER_NONNULL = YES;
				CLANG_ANALYZER_NUMBER_OBJECT_CONVERSION = YES_AGGRESSIVE;
				CLANG_CXX_LANGUAGE_STANDARD = "gnu++14";
				CLANG_CXX_LIBRARY = "libc++";
				CLANG_ENABLE_MODULES = YES;
				CLANG_ENABLE_OBJC_ARC = YES;
				CLANG_ENABLE_OBJC_WEAK = YES;
				CLANG_WARN_BLOCK_CAPTURE_AUTORELEASING = YES;
				CLANG_WARN_BOOL_CONVERSION = YES;
				CLANG_WARN_COMMA = YES;
				CLANG_WARN_CONSTANT_CONVERSION = YES;
				CLANG_WARN_DEPRECATED_OBJC_IMPLEMENTATIONS = YES;
				CLANG_WARN_DIRECT_OBJC_ISA_USAGE = YES_ERROR;
				CLANG_WARN_DOCUMENTATION_COMMENTS = YES;
				CLANG_WARN_EMPTY_BODY = YES;
				CLANG_WARN_ENUM_CONVERSION = YES;
				CLANG_WARN_INFINITE_RECURSION = YES;
				CLANG_WARN_INT_CONVERSION = YES;
				CLANG_WARN_NON_LITERAL_NULL_CONVERSION = YES;
				CLANG_WARN_OBJC_IMPLICIT_RETAIN_SELF = YES;
				CLANG_WARN_OBJC_LITERAL_CONVERSION = YES;
				CLANG_WARN_OBJC_ROOT_CLASS = YES_ERROR;
				CLANG_WARN_RANGE_LOOP_ANALYSIS = YES;
				CLANG_WARN_STRICT_PROTOTYPES = YES;
				CLANG_WARN_SUSPICIOUS_MOVE = YES;
				CLANG_WARN_UNGUARDED_AVAILABILITY = YES_AGGRESSIVE;
				CLANG_WARN_UNREACHABLE_CODE = YES;
				CLANG_WARN__DUPLICATE_METHOD_MATCH = YES;
				COPY_PHASE_STRIP = NO;
				DEBUG_INFORMATION_FORMAT = "dwarf-with-dsym";
				ENABLE_NS_ASSERTIONS = NO;
				ENABLE_STRICT_OBJC_MSGSEND = YES;
				GCC_C_LANGUAGE_STANDARD = gnu11;
				GCC_NO_COMMON_BLOCKS = YES;
				GCC_WARN_64_TO_32_BIT_CONVERSION = YES;
				GCC_WARN_ABOUT_RETURN_TYPE = YES_ERROR;
				GCC_WARN_UNDECLARED_SELECTOR = YES;
				GCC_WARN_UNINITIALIZED_AUTOS = YES_AGGRESSIVE;
				GCC_WARN_UNUSED_FUNCTION = YES;
				GCC_WARN_UNUSED_VARIABLE = YES;
				IPHONEOS_DEPLOYMENT_TARGET = 13.2;
				MTL_ENABLE_DEBUG_INFO = NO;
				MTL_FAST_MATH = YES;
				SDKROOT = iphoneos;
				SWIFT_COMPILATION_MODE = wholemodule;
				SWIFT_OPTIMIZATION_LEVEL = "-O";
				VALIDATE_PRODUCT = YES;
			};
			name = Release;
		};
		C545ED9323D3488700955940 /* Debug */ = {
			isa = XCBuildConfiguration;
			buildSettings = {
				ASSETCATALOG_COMPILER_APPICON_NAME = AppIcon;
				CODE_SIGN_STYLE = Automatic;
				DEVELOPMENT_TEAM = 7DQ27655C6;
				INFOPLIST_FILE = TodoApp/Info.plist;
				LD_RUNPATH_SEARCH_PATHS = (
					"$(inherited)",
					"@executable_path/Frameworks",
				);
				PRODUCT_BUNDLE_IDENTIFIER = com.idevelopstudio.TodoApp;
				PRODUCT_NAME = "$(TARGET_NAME)";
				SWIFT_VERSION = 5.0;
				TARGETED_DEVICE_FAMILY = "1,2";
			};
			name = Debug;
		};
		C545ED9423D3488700955940 /* Release */ = {
			isa = XCBuildConfiguration;
			buildSettings = {
				ASSETCATALOG_COMPILER_APPICON_NAME = AppIcon;
				CODE_SIGN_STYLE = Automatic;
				DEVELOPMENT_TEAM = 7DQ27655C6;
				INFOPLIST_FILE = TodoApp/Info.plist;
				LD_RUNPATH_SEARCH_PATHS = (
					"$(inherited)",
					"@executable_path/Frameworks",
				);
				PRODUCT_BUNDLE_IDENTIFIER = com.idevelopstudio.TodoApp;
				PRODUCT_NAME = "$(TARGET_NAME)";
				SWIFT_VERSION = 5.0;
				TARGETED_DEVICE_FAMILY = "1,2";
			};
			name = Release;
		};
/* End XCBuildConfiguration section */

/* Begin XCConfigurationList section */
		C545ED7923D3488600955940 /* Build configuration list for PBXProject "TodoApp" */ = {
			isa = XCConfigurationList;
			buildConfigurations = (
				C545ED9023D3488700955940 /* Debug */,
				C545ED9123D3488700955940 /* Release */,
			);
			defaultConfigurationIsVisible = 0;
			defaultConfigurationName = Release;
		};
		C545ED9223D3488700955940 /* Build configuration list for PBXNativeTarget "TodoApp" */ = {
			isa = XCConfigurationList;
			buildConfigurations = (
				C545ED9323D3488700955940 /* Debug */,
				C545ED9423D3488700955940 /* Release */,
			);
			defaultConfigurationIsVisible = 0;
			defaultConfigurationName = Release;
		};
/* End XCConfigurationList section */
	};
	rootObject = C545ED7623D3488600955940 /* Project object */;
}
